# THIS IS AN AUTOGENERATED FILE. DO NOT EDIT THIS FILE DIRECTLY.
# yarn lockfile v1


flatpickr@^4.5.2:
  version "4.5.2"
  resolved "https://registry.yarnpkg.com/flatpickr/-/flatpickr-4.5.2.tgz#47c8ad472a096e5fb7e74b809b0703535383f20d"
  integrity sha512-jDy4QYGpmiy7+Qk8QvKJ4spjDdxcx9cxMydmq1x427HkKWBw0qizLYeYM2F6tMcvvqGjU5VpJS55j4LnsaBblA==
